# This file is auto-generated by Orbit. DO NOT EDIT.
version = 1

[[ip]]
name = "amp"
version = "1.0.0"
uuid = "33bba0d9-1e0e-4b82-aa90-711d8e4baef7"
checksum = "35ac55a3aebaf43acd2ea865007dd25bad024cf4e8b73317867fbc0dc13e8c08"
url = "https://github.com/hyperspace-labs/amp/archive/refs/tags/1.0.0.zip"
dependencies = []

[[ip]]
name = "vertex"
version = "0.1.0"
uuid = "4f86de3f-64f2-4252-a150-4276788dafcf"
checksum = "8d350003e5459791c4e4c16772a5984341e1bc5c8dd30de15e334438447653d5"
url = "https://github.com/cdotrus/vertex/archive/refs/tags/0.1.0.zip"
dependencies = ["amp:1.0.0"]

[[ip]]
name = "vertex-example-bcd"
version = "0.0.0"
uuid = "842c4a8b-0694-480f-af62-480859cbcf1f"
dependencies = [
    "amp:1.0.0",
    "vertex:0.1.0",
]
