# This file is auto-generated by Orbit. DO NOT EDIT.
version = 1

[[ip]]
name = "amp"
version = "1.0.0"
uuid = "33bba0d9-1e0e-4b82-aa90-711d8e4baef7"
checksum = "2550c9cc0c0d44a781705503e9adf12a107af8fcf65ecc3f1e2b607f4db0e23a"
url = "https://github.com/hyperspace-labs/amp/archive/refs/tags/1.0.0.zip"
dependencies = []

[[ip]]
name = "verb"
version = "0.1.0"
uuid = "41121578-6fc8-4c17-80ef-19c6492d5b64"
url = "https://github.com/chaseruskin/verb/archive/refs/tags/{{orbit.ip.version}}.zip"
path = "/Users/chase/Develop/py/verb/src/lib/hdl"
dependencies = []

[[ip]]
name = "verb-example-add"
version = "0.0.0"
uuid = "5fb5c0b5-0de7-489a-9e4c-686df8b8458e"
dependencies = [
    "amp:1.0.0",
    "verb:0.1.0",
]
