# This file is automatically @generated by Orbit.
# It is not intended for manual editing.
version = 1

[[ip]]
name = "verb"
version = "0.1.0"
uuid = "1pgjtja7i1rcf0i5ooubqjctt"
url = "https://github.com/chaseruskin/verb/archive/refs/tags/{{orbit.ip.version}}.zip"
path = "../../../src/lib/hdl"
dependencies = []

[[ip]]
name = "verb-example-bcd"
version = "0.0.0"
uuid = "3j713ghpcocu47be1u1eks91a"
dependencies = ["verb+1pgjtja7i1rcf0i5ooubqjctt:0.1.0"]
