# This file is automatically @generated by Orbit.
# It is not intended for manual editing.
version = 1

[[ip]]
name = "verb"
version = "0.1.0"
uuid = "5zjl2nexva03reqgbw04f48di"
url = "https://github.com/chaseruskin/verb/archive/refs/tags/{{orbit.ip.version}}.zip"
path = "../../../src/lib/systemverilog"
dependencies = []

[[ip]]
name = "verb-example-bcd"
version = "0.0.0"
uuid = "3j713ghpcocu47be1u1eks91a"
dependencies = ["verb+5zjl2nexva03reqgbw04f48di:0.1.0"]
